PODS:
  - SweeterSwift (1.0.5)
  - SwiftFormat/CLI (0.40.9)
  - SwiftLint (0.33.0)
  - SwiftQuality (1.0.3):
    - SwiftFormat/CLI (= 0.40.9)
    - SwiftLint (= 0.33.0)

DEPENDENCIES:
  - SweeterSwift (from `..`)
  - SwiftQuality (from `https://github.com/yonat/SwiftQuality`)

SPEC REPOS:
  https://github.com/CocoaPods/Specs.git:
    - SwiftFormat
    - SwiftLint

EXTERNAL SOURCES:
  SweeterSwift:
    :path: ".."
  SwiftQuality:
    :git: https://github.com/yonat/SwiftQuality

CHECKOUT OPTIONS:
  SwiftQuality:
    :commit: a7b345a1cfc741fcbdfe660ffe20682b0b6449ec
    :git: https://github.com/yonat/SwiftQuality

SPEC CHECKSUMS:
  SweeterSwift: 7c35ad797b86bddcf85b705397e1cbc3dba5ed71
  SwiftFormat: 6b67b6e7fe73d664f0cbb4f13721f130462c86a5
  SwiftLint: fed9c66336e41fc74dc48a73678380718f0c8b0e
  SwiftQuality: 74d06850dc93b81168cef6127deaee0d6ba87a3c

PODFILE CHECKSUM: 62fc639f14c9e5c09510f34b1db0556740302b5d

COCOAPODS: 1.8.4
