PODS:
  - SweeterSwift (1.1.5)
  - SwiftFormat/CLI (0.48.1)
  - SwiftLint (0.41.0)
  - SwiftQuality (1.1.1):
    - SwiftFormat/CLI (= 0.48.1)
    - SwiftLint (= 0.41.0)

DEPENDENCIES:
  - SweeterSwift (from `..`)
  - SwiftQuality (from `https://github.com/yonat/SwiftQuality`)

SPEC REPOS:
  trunk:
    - SwiftFormat
    - SwiftLint

EXTERNAL SOURCES:
  SweeterSwift:
    :path: ".."
  SwiftQuality:
    :git: https://github.com/yonat/SwiftQuality

CHECKOUT OPTIONS:
  SwiftQuality:
    :commit: acf4031acdaf3e6f3e035ad6d6de9ab8b83f4e17
    :git: https://github.com/yonat/SwiftQuality

SPEC CHECKSUMS:
  SweeterSwift: 1f56403d781ce6b6dabeef7a4a0d1d366962adaf
  SwiftFormat: 094c5e2e6c36dafdd128d04cff4a0a7d87492e73
  SwiftLint: c585ebd615d9520d7fbdbe151f527977b0534f1e
  SwiftQuality: fba6a2775b0e35f9d8c945fd0011c44c8b0e93bd

PODFILE CHECKSUM: 62fc639f14c9e5c09510f34b1db0556740302b5d

COCOAPODS: 1.10.1
